
Microsoft Visual Studio Solution File, Format Version 12.00
# Visual Studio Version 17
VisualStudioVersion = 17.5.002.0
MinimumVisualStudioVersion = 10.0.40219.1
Project("{2150E333-8FDC-42A3-9474-1A3956D46DE8}") = "src", "src", "{668154BF-5567-4BB3-8263-2BEEBACA453D}"
EndProject
Project("{9A19103F-16F7-4668-BE54-9A1E7A4F7556}") = "AuctionService", "src\AuctionService\AuctionService.csproj", "{0F1B2719-0D9C-495D-8D5B-E8F249BE1574}"
EndProject
Global
	GlobalSection(SolutionConfigurationPlatforms) = preSolution
		Debug|Any CPU = Debug|Any CPU
		Release|Any CPU = Release|Any CPU
	EndGlobalSection
	GlobalSection(ProjectConfigurationPlatforms) = postSolution
		{0F1B2719-0D9C-495D-8D5B-E8F249BE1574}.Debug|Any CPU.ActiveCfg = Debug|Any CPU
		{0F1B2719-0D9C-495D-8D5B-E8F249BE1574}.Debug|Any CPU.Build.0 = Debug|Any CPU
		{0F1B2719-0D9C-495D-8D5B-E8F249BE1574}.Release|Any CPU.ActiveCfg = Release|Any CPU
		{0F1B2719-0D9C-495D-8D5B-E8F249BE1574}.Release|Any CPU.Build.0 = Release|Any CPU
	EndGlobalSection
	GlobalSection(SolutionProperties) = preSolution
		HideSolutionNode = FALSE
	EndGlobalSection
	GlobalSection(NestedProjects) = preSolution
		{0F1B2719-0D9C-495D-8D5B-E8F249BE1574} = {668154BF-5567-4BB3-8263-2BEEBACA453D}
	EndGlobalSection
	GlobalSection(ExtensibilityGlobals) = postSolution
		SolutionGuid = {6E7FCBCE-21FF-4DB2-A1C4-A369B839CDA2}
	EndGlobalSection
EndGlobal
